
Microsoft Visual Studio Solution File, Format Version 12.00
# Visual Studio Version 16
VisualStudioVersion = 16.0.28803.452
MinimumVisualStudioVersion = 10.0.40219.1
Project("{FAE04EC0-301F-11D3-BF4B-00C04F79EFBC}") = "Alfred", "Alfred.csproj", "{C0C5B2FA-6B02-4DB1-9424-98DD97B7C03E}"
EndProject
Project("{FAE04EC0-301F-11D3-BF4B-00C04F79EFBC}") = "AlfredClassLibrary", "..\AlfredClassLibrary\AlfredClassLibrary.csproj", "{12758A70-AFBD-484F-A402-0751861D00F8}"
EndProject
Global
	GlobalSection(SolutionConfigurationPlatforms) = preSolution
		Debug|Any CPU = Debug|Any CPU
		Release|Any CPU = Release|Any CPU
	EndGlobalSection
	GlobalSection(ProjectConfigurationPlatforms) = postSolution
		{C0C5B2FA-6B02-4DB1-9424-98DD97B7C03E}.Debug|Any CPU.ActiveCfg = Debug|Any CPU
		{C0C5B2FA-6B02-4DB1-9424-98DD97B7C03E}.Debug|Any CPU.Build.0 = Debug|Any CPU
		{C0C5B2FA-6B02-4DB1-9424-98DD97B7C03E}.Release|Any CPU.ActiveCfg = Release|Any CPU
		{C0C5B2FA-6B02-4DB1-9424-98DD97B7C03E}.Release|Any CPU.Build.0 = Release|Any CPU
		{12758A70-AFBD-484F-A402-0751861D00F8}.Debug|Any CPU.ActiveCfg = Debug|Any CPU
		{12758A70-AFBD-484F-A402-0751861D00F8}.Debug|Any CPU.Build.0 = Debug|Any CPU
		{12758A70-AFBD-484F-A402-0751861D00F8}.Release|Any CPU.ActiveCfg = Release|Any CPU
		{12758A70-AFBD-484F-A402-0751861D00F8}.Release|Any CPU.Build.0 = Release|Any CPU
	EndGlobalSection
	GlobalSection(SolutionProperties) = preSolution
		HideSolutionNode = FALSE
	EndGlobalSection
	GlobalSection(ExtensibilityGlobals) = postSolution
		SolutionGuid = {2BC839BE-5F7B-4840-964D-91CFBBF358C7}
	EndGlobalSection
EndGlobal
